
Microsoft Visual Studio Solution File, Format Version 12.00
# Visual Studio Version 16
VisualStudioVersion = 16.0.29905.134
MinimumVisualStudioVersion = 10.0.40219.1
Project("{FAE04EC0-301F-11D3-BF4B-00C04F79EFBC}") = "laboratorio_1_benjamorgan", "laboratorio_1_benjamorgan\laboratorio_1_benjamorgan.csproj", "{E5CCFD8D-2694-471B-B412-B11A3FDFB794}"
EndProject
Global
	GlobalSection(SolutionConfigurationPlatforms) = preSolution
		Debug|Any CPU = Debug|Any CPU
		Release|Any CPU = Release|Any CPU
	EndGlobalSection
	GlobalSection(ProjectConfigurationPlatforms) = postSolution
		{E5CCFD8D-2694-471B-B412-B11A3FDFB794}.Debug|Any CPU.ActiveCfg = Debug|Any CPU
		{E5CCFD8D-2694-471B-B412-B11A3FDFB794}.Debug|Any CPU.Build.0 = Debug|Any CPU
		{E5CCFD8D-2694-471B-B412-B11A3FDFB794}.Release|Any CPU.ActiveCfg = Release|Any CPU
		{E5CCFD8D-2694-471B-B412-B11A3FDFB794}.Release|Any CPU.Build.0 = Release|Any CPU
	EndGlobalSection
	GlobalSection(SolutionProperties) = preSolution
		HideSolutionNode = FALSE
	EndGlobalSection
	GlobalSection(ExtensibilityGlobals) = postSolution
		SolutionGuid = {1F9AB010-6856-43E1-9C02-9252093870C1}
	EndGlobalSection
EndGlobal
